
Microsoft Visual Studio Solution File, Format Version 12.00
# Visual Studio Version 16
VisualStudioVersion = 16.0.32228.343
MinimumVisualStudioVersion = 10.0.40219.1
Project("{FAE04EC0-301F-11D3-BF4B-00C04F79EFBC}") = "TodoList", "TodoList\TodoList.csproj", "{D85D6372-263E-4125-8589-1876BB5A2463}"
EndProject
Global
	GlobalSection(SolutionConfigurationPlatforms) = preSolution
		Debug|Any CPU = Debug|Any CPU
		Release|Any CPU = Release|Any CPU
	EndGlobalSection
	GlobalSection(ProjectConfigurationPlatforms) = postSolution
		{D85D6372-263E-4125-8589-1876BB5A2463}.Debug|Any CPU.ActiveCfg = Debug|Any CPU
		{D85D6372-263E-4125-8589-1876BB5A2463}.Debug|Any CPU.Build.0 = Debug|Any CPU
		{D85D6372-263E-4125-8589-1876BB5A2463}.Release|Any CPU.ActiveCfg = Release|Any CPU
		{D85D6372-263E-4125-8589-1876BB5A2463}.Release|Any CPU.Build.0 = Release|Any CPU
	EndGlobalSection
	GlobalSection(SolutionProperties) = preSolution
		HideSolutionNode = FALSE
	EndGlobalSection
	GlobalSection(ExtensibilityGlobals) = postSolution
		SolutionGuid = {3A92D701-C84C-4090-83F0-7D734216DC91}
	EndGlobalSection
EndGlobal
